
Microsoft Visual Studio Solution File, Format Version 12.00
# Visual Studio Version 16
VisualStudioVersion = 16.0.29201.188
MinimumVisualStudioVersion = 10.0.40219.1
Project("{8BC9CEB8-8B4A-11D0-8D11-00A0C91BC942}") = "E01", "E01\E01.vcxproj", "{5D6E80FA-80DF-4364-A973-8665B3072FE8}"
EndProject
Project("{8BC9CEB8-8B4A-11D0-8D11-00A0C91BC942}") = "E02", "E02\E02.vcxproj", "{DBF7DB28-8693-44AB-AAC2-29B0B79B91CB}"
EndProject
Project("{8BC9CEB8-8B4A-11D0-8D11-00A0C91BC942}") = "E03", "E03\E03.vcxproj", "{2B5417D3-FAAE-476A-8796-BBB2E03E91B4}"
EndProject
Project("{8BC9CEB8-8B4A-11D0-8D11-00A0C91BC942}") = "E04", "E04\E04.vcxproj", "{7BE3CDD9-BD0B-4D34-AB79-60D244875C9A}"
EndProject
Global
	GlobalSection(SolutionConfigurationPlatforms) = preSolution
		Debug|x64 = Debug|x64
		Debug|x86 = Debug|x86
		Release|x64 = Release|x64
		Release|x86 = Release|x86
	EndGlobalSection
	GlobalSection(ProjectConfigurationPlatforms) = postSolution
		{5D6E80FA-80DF-4364-A973-8665B3072FE8}.Debug|x64.ActiveCfg = Debug|x64
		{5D6E80FA-80DF-4364-A973-8665B3072FE8}.Debug|x64.Build.0 = Debug|x64
		{5D6E80FA-80DF-4364-A973-8665B3072FE8}.Debug|x86.ActiveCfg = Debug|Win32
		{5D6E80FA-80DF-4364-A973-8665B3072FE8}.Debug|x86.Build.0 = Debug|Win32
		{5D6E80FA-80DF-4364-A973-8665B3072FE8}.Release|x64.ActiveCfg = Release|x64
		{5D6E80FA-80DF-4364-A973-8665B3072FE8}.Release|x64.Build.0 = Release|x64
		{5D6E80FA-80DF-4364-A973-8665B3072FE8}.Release|x86.ActiveCfg = Release|Win32
		{5D6E80FA-80DF-4364-A973-8665B3072FE8}.Release|x86.Build.0 = Release|Win32
		{DBF7DB28-8693-44AB-AAC2-29B0B79B91CB}.Debug|x64.ActiveCfg = Debug|x64
		{DBF7DB28-8693-44AB-AAC2-29B0B79B91CB}.Debug|x64.Build.0 = Debug|x64
		{DBF7DB28-8693-44AB-AAC2-29B0B79B91CB}.Debug|x86.ActiveCfg = Debug|Win32
		{DBF7DB28-8693-44AB-AAC2-29B0B79B91CB}.Debug|x86.Build.0 = Debug|Win32
		{DBF7DB28-8693-44AB-AAC2-29B0B79B91CB}.Release|x64.ActiveCfg = Release|x64
		{DBF7DB28-8693-44AB-AAC2-29B0B79B91CB}.Release|x64.Build.0 = Release|x64
		{DBF7DB28-8693-44AB-AAC2-29B0B79B91CB}.Release|x86.ActiveCfg = Release|Win32
		{DBF7DB28-8693-44AB-AAC2-29B0B79B91CB}.Release|x86.Build.0 = Release|Win32
		{2B5417D3-FAAE-476A-8796-BBB2E03E91B4}.Debug|x64.ActiveCfg = Debug|x64
		{2B5417D3-FAAE-476A-8796-BBB2E03E91B4}.Debug|x64.Build.0 = Debug|x64
		{2B5417D3-FAAE-476A-8796-BBB2E03E91B4}.Debug|x86.ActiveCfg = Debug|Win32
		{2B5417D3-FAAE-476A-8796-BBB2E03E91B4}.Debug|x86.Build.0 = Debug|Win32
		{2B5417D3-FAAE-476A-8796-BBB2E03E91B4}.Release|x64.ActiveCfg = Release|x64
		{2B5417D3-FAAE-476A-8796-BBB2E03E91B4}.Release|x64.Build.0 = Release|x64
		{2B5417D3-FAAE-476A-8796-BBB2E03E91B4}.Release|x86.ActiveCfg = Release|Win32
		{2B5417D3-FAAE-476A-8796-BBB2E03E91B4}.Release|x86.Build.0 = Release|Win32
		{7BE3CDD9-BD0B-4D34-AB79-60D244875C9A}.Debug|x64.ActiveCfg = Debug|x64
		{7BE3CDD9-BD0B-4D34-AB79-60D244875C9A}.Debug|x64.Build.0 = Debug|x64
		{7BE3CDD9-BD0B-4D34-AB79-60D244875C9A}.Debug|x86.ActiveCfg = Debug|Win32
		{7BE3CDD9-BD0B-4D34-AB79-60D244875C9A}.Debug|x86.Build.0 = Debug|Win32
		{7BE3CDD9-BD0B-4D34-AB79-60D244875C9A}.Release|x64.ActiveCfg = Release|x64
		{7BE3CDD9-BD0B-4D34-AB79-60D244875C9A}.Release|x64.Build.0 = Release|x64
		{7BE3CDD9-BD0B-4D34-AB79-60D244875C9A}.Release|x86.ActiveCfg = Release|Win32
		{7BE3CDD9-BD0B-4D34-AB79-60D244875C9A}.Release|x86.Build.0 = Release|Win32
	EndGlobalSection
	GlobalSection(SolutionProperties) = preSolution
		HideSolutionNode = FALSE
	EndGlobalSection
	GlobalSection(ExtensibilityGlobals) = postSolution
		SolutionGuid = {A87B1C52-ADC3-469B-B7C3-95D53FBB23E8}
	EndGlobalSection
EndGlobal
